
Microsoft Visual Studio Solution File, Format Version 12.00
# Visual Studio Version 16
VisualStudioVersion = 16.0.30621.155
MinimumVisualStudioVersion = 10.0.40219.1
Project("{9A19103F-16F7-4668-BE54-9A1E7A4F7556}") = "CEC.Blazor.Examples.Client", "CEC.Blazor.Examples\Client\CEC.Blazor.Examples.Client.csproj", "{B9F2CF5F-7AAD-4221-B20C-A535EDF29C43}"
EndProject
Project("{9A19103F-16F7-4668-BE54-9A1E7A4F7556}") = "CEC.Blazor.Examples.Shared", "CEC.Blazor.Examples\Shared\CEC.Blazor.Examples.Shared.csproj", "{ED09BE8D-A394-4B1D-BDF8-85852FC1595B}"
EndProject
Project("{2150E333-8FDC-42A3-9474-1A3956D46DE8}") = "Articles", "Articles", "{2AFC63E4-36BD-4EBA-BCFE-ACDEF5705C4D}"
	ProjectSection(SolutionItems) = preProject
		Articles\Hydra Article.md = Articles\Hydra Article.md
	EndProjectSection
EndProject
Project("{9A19103F-16F7-4668-BE54-9A1E7A4F7556}") = "CEC.Blazor.Hydra", "CEC.Blazor.Hydra\CEC.Blazor.Hydra.csproj", "{933F04FF-7FFB-4316-9DD6-3321533C9EF3}"
EndProject
Project("{9A19103F-16F7-4668-BE54-9A1E7A4F7556}") = "CEC.RoutingSample", "Router\CEC.RoutingSample\CEC.RoutingSample.csproj", "{DBA58362-CB11-4EC4-903F-81AB304961E3}"
EndProject
Project("{9A19103F-16F7-4668-BE54-9A1E7A4F7556}") = "Mongrel.Shared", "Mongrel\Mongrel.Shared\Mongrel.Shared.csproj", "{72BB3AEA-4270-49DE-B590-B4A003584356}"
EndProject
Project("{9A19103F-16F7-4668-BE54-9A1E7A4F7556}") = "Mongrel.Server.Grey", "Mongrel\Mongrel.Server.Grey\Mongrel.Server.Grey.csproj", "{19CC9E3E-C5EB-481A-AFD8-A877ACE280BE}"
EndProject
Project("{9A19103F-16F7-4668-BE54-9A1E7A4F7556}") = "Mongrel.WASM.Red", "Mongrel\Mongrel.WASM.Red\Mongrel.WASM.Red.csproj", "{7A14BEF6-4207-439C-A4BF-1F2B5AB3D14C}"
EndProject
Project("{9A19103F-16F7-4668-BE54-9A1E7A4F7556}") = "Mongrel.Server.Blue", "Mongrel\Mongrel.Server.Blue\Mongrel.Server.Blue.csproj", "{EFA7DB06-254D-48AF-82B3-2F0D26CA7C49}"
EndProject
Project("{9A19103F-16F7-4668-BE54-9A1E7A4F7556}") = "Mongrel.WASM.Purple", "Mongrel\Mongrel.WASM.Purple\Mongrel.WASM.Purple.csproj", "{B6C5BD27-00D0-4CCD-AAD3-DE3225654A3E}"
EndProject
Global
	GlobalSection(SolutionConfigurationPlatforms) = preSolution
		Debug|Any CPU = Debug|Any CPU
		Release|Any CPU = Release|Any CPU
	EndGlobalSection
	GlobalSection(ProjectConfigurationPlatforms) = postSolution
		{B9F2CF5F-7AAD-4221-B20C-A535EDF29C43}.Debug|Any CPU.ActiveCfg = Debug|Any CPU
		{B9F2CF5F-7AAD-4221-B20C-A535EDF29C43}.Debug|Any CPU.Build.0 = Debug|Any CPU
		{B9F2CF5F-7AAD-4221-B20C-A535EDF29C43}.Release|Any CPU.ActiveCfg = Release|Any CPU
		{B9F2CF5F-7AAD-4221-B20C-A535EDF29C43}.Release|Any CPU.Build.0 = Release|Any CPU
		{ED09BE8D-A394-4B1D-BDF8-85852FC1595B}.Debug|Any CPU.ActiveCfg = Debug|Any CPU
		{ED09BE8D-A394-4B1D-BDF8-85852FC1595B}.Debug|Any CPU.Build.0 = Debug|Any CPU
		{ED09BE8D-A394-4B1D-BDF8-85852FC1595B}.Release|Any CPU.ActiveCfg = Release|Any CPU
		{ED09BE8D-A394-4B1D-BDF8-85852FC1595B}.Release|Any CPU.Build.0 = Release|Any CPU
		{933F04FF-7FFB-4316-9DD6-3321533C9EF3}.Debug|Any CPU.ActiveCfg = Debug|Any CPU
		{933F04FF-7FFB-4316-9DD6-3321533C9EF3}.Debug|Any CPU.Build.0 = Debug|Any CPU
		{933F04FF-7FFB-4316-9DD6-3321533C9EF3}.Release|Any CPU.ActiveCfg = Release|Any CPU
		{933F04FF-7FFB-4316-9DD6-3321533C9EF3}.Release|Any CPU.Build.0 = Release|Any CPU
		{DBA58362-CB11-4EC4-903F-81AB304961E3}.Debug|Any CPU.ActiveCfg = Debug|Any CPU
		{DBA58362-CB11-4EC4-903F-81AB304961E3}.Debug|Any CPU.Build.0 = Debug|Any CPU
		{DBA58362-CB11-4EC4-903F-81AB304961E3}.Release|Any CPU.ActiveCfg = Release|Any CPU
		{DBA58362-CB11-4EC4-903F-81AB304961E3}.Release|Any CPU.Build.0 = Release|Any CPU
		{72BB3AEA-4270-49DE-B590-B4A003584356}.Debug|Any CPU.ActiveCfg = Debug|Any CPU
		{72BB3AEA-4270-49DE-B590-B4A003584356}.Debug|Any CPU.Build.0 = Debug|Any CPU
		{72BB3AEA-4270-49DE-B590-B4A003584356}.Release|Any CPU.ActiveCfg = Release|Any CPU
		{72BB3AEA-4270-49DE-B590-B4A003584356}.Release|Any CPU.Build.0 = Release|Any CPU
		{19CC9E3E-C5EB-481A-AFD8-A877ACE280BE}.Debug|Any CPU.ActiveCfg = Debug|Any CPU
		{19CC9E3E-C5EB-481A-AFD8-A877ACE280BE}.Debug|Any CPU.Build.0 = Debug|Any CPU
		{19CC9E3E-C5EB-481A-AFD8-A877ACE280BE}.Release|Any CPU.ActiveCfg = Release|Any CPU
		{19CC9E3E-C5EB-481A-AFD8-A877ACE280BE}.Release|Any CPU.Build.0 = Release|Any CPU
		{7A14BEF6-4207-439C-A4BF-1F2B5AB3D14C}.Debug|Any CPU.ActiveCfg = Debug|Any CPU
		{7A14BEF6-4207-439C-A4BF-1F2B5AB3D14C}.Debug|Any CPU.Build.0 = Debug|Any CPU
		{7A14BEF6-4207-439C-A4BF-1F2B5AB3D14C}.Release|Any CPU.ActiveCfg = Release|Any CPU
		{7A14BEF6-4207-439C-A4BF-1F2B5AB3D14C}.Release|Any CPU.Build.0 = Release|Any CPU
		{EFA7DB06-254D-48AF-82B3-2F0D26CA7C49}.Debug|Any CPU.ActiveCfg = Debug|Any CPU
		{EFA7DB06-254D-48AF-82B3-2F0D26CA7C49}.Debug|Any CPU.Build.0 = Debug|Any CPU
		{EFA7DB06-254D-48AF-82B3-2F0D26CA7C49}.Release|Any CPU.ActiveCfg = Release|Any CPU
		{EFA7DB06-254D-48AF-82B3-2F0D26CA7C49}.Release|Any CPU.Build.0 = Release|Any CPU
		{B6C5BD27-00D0-4CCD-AAD3-DE3225654A3E}.Debug|Any CPU.ActiveCfg = Debug|Any CPU
		{B6C5BD27-00D0-4CCD-AAD3-DE3225654A3E}.Debug|Any CPU.Build.0 = Debug|Any CPU
		{B6C5BD27-00D0-4CCD-AAD3-DE3225654A3E}.Release|Any CPU.ActiveCfg = Release|Any CPU
		{B6C5BD27-00D0-4CCD-AAD3-DE3225654A3E}.Release|Any CPU.Build.0 = Release|Any CPU
	EndGlobalSection
	GlobalSection(SolutionProperties) = preSolution
		HideSolutionNode = FALSE
	EndGlobalSection
	GlobalSection(ExtensibilityGlobals) = postSolution
		SolutionGuid = {D98B01B0-D9A6-4CF7-A898-73F2DFD13655}
	EndGlobalSection
EndGlobal
